
Microsoft Visual Studio Solution File, Format Version 12.00
# Visual Studio 15
VisualStudioVersion = 15.0.28010.2048
MinimumVisualStudioVersion = 10.0.40219.1
Project("{FAE04EC0-301F-11D3-BF4B-00C04F79EFBC}") = "test", "test\test.csproj", "{70D17B49-F2A2-4E98-AFA4-130105622C73}"
EndProject
Global
	GlobalSection(SolutionConfigurationPlatforms) = preSolution
		Debug|Any CPU = Debug|Any CPU
		Release|Any CPU = Release|Any CPU
	EndGlobalSection
	GlobalSection(ProjectConfigurationPlatforms) = postSolution
		{70D17B49-F2A2-4E98-AFA4-130105622C73}.Debug|Any CPU.ActiveCfg = Debug|Any CPU
		{70D17B49-F2A2-4E98-AFA4-130105622C73}.Debug|Any CPU.Build.0 = Debug|Any CPU
		{70D17B49-F2A2-4E98-AFA4-130105622C73}.Release|Any CPU.ActiveCfg = Release|Any CPU
		{70D17B49-F2A2-4E98-AFA4-130105622C73}.Release|Any CPU.Build.0 = Release|Any CPU
	EndGlobalSection
	GlobalSection(SolutionProperties) = preSolution
		HideSolutionNode = FALSE
	EndGlobalSection
	GlobalSection(ExtensibilityGlobals) = postSolution
		SolutionGuid = {08846010-A788-4139-88DA-FF5868C2CA95}
	EndGlobalSection
EndGlobal
