
Microsoft Visual Studio Solution File, Format Version 12.00
# Visual Studio Version 17
VisualStudioVersion = 17.0.32014.148
MinimumVisualStudioVersion = 10.0.40219.1
Project("{FAE04EC0-301F-11D3-BF4B-00C04F79EFBC}") = "AndroidCleaner", "AndroidCleaner\AndroidCleaner.csproj", "{2470521D-87C6-4AE3-8DB7-4641090E17BC}"
EndProject
Global
	GlobalSection(SolutionConfigurationPlatforms) = preSolution
		Debug|Any CPU = Debug|Any CPU
		Release|Any CPU = Release|Any CPU
	EndGlobalSection
	GlobalSection(ProjectConfigurationPlatforms) = postSolution
		{2470521D-87C6-4AE3-8DB7-4641090E17BC}.Debug|Any CPU.ActiveCfg = Debug|Any CPU
		{2470521D-87C6-4AE3-8DB7-4641090E17BC}.Debug|Any CPU.Build.0 = Debug|Any CPU
		{2470521D-87C6-4AE3-8DB7-4641090E17BC}.Release|Any CPU.ActiveCfg = Release|Any CPU
		{2470521D-87C6-4AE3-8DB7-4641090E17BC}.Release|Any CPU.Build.0 = Release|Any CPU
	EndGlobalSection
	GlobalSection(SolutionProperties) = preSolution
		HideSolutionNode = FALSE
	EndGlobalSection
	GlobalSection(ExtensibilityGlobals) = postSolution
		SolutionGuid = {63B9C372-340C-40E1-9F55-51EFB157D8A6}
	EndGlobalSection
EndGlobal
